{
    "_readme": [
        "This file locks the dependencies of your project to a known state",
        "Read more about it at https://getcomposer.org/doc/01-basic-usage.md#composer-lock-the-lock-file",
        "This file is @generated automatically"
    ],
    "content-hash": "29a38a55ff0452b4abe455ed2f4047d4",
    "packages": [
        {
            "name": "guzzlehttp/guzzle",
            "version": "4.1.8",
            "source": {
                "type": "git",
                "url": "https://github.com/guzzle/guzzle.git",
                "reference": "e196b8f44f9492a11261ea8f7b9724613a198daf"
            },
            "dist": {
                "type": "zip",
                "url": "https://api.github.com/repos/guzzle/guzzle/zipball/e196b8f44f9492a11261ea8f7b9724613a198daf",
                "reference": "e196b8f44f9492a11261ea8f7b9724613a198daf",
                "shasum": ""
            },
            "require": {
                "ext-json": "*",
                "guzzlehttp/streams": "~1.4",
                "php": ">=5.4.0"
            },
            "require-dev": {
                "ext-curl": "*",
                "phpunit/phpunit": "~4.0",
                "psr/log": "~1.0"
            },
            "suggest": {
                "ext-curl": "Guzzle will use specific adapters if cURL is present"
            },
            "type": "library",
            "extra": {
                "branch-alias": {
                    "dev-master": "4.1-dev"
                }
            },
            "autoload": {
                "psr-4": {
                    "GuzzleHttp\\": "src/"
                },
                "files": [
                    "src/functions.php"
                ]
            },
            "notification-url": "https://packagist.org/downloads/",
            "license": [
                "MIT"
            ],
            "authors": [
                {
                    "name": "Michael Dowling",
                    "email": "mtdowling@gmail.com",
                    "homepage": "https://github.com/mtdowling"
                }
            ],
            "description": "Guzzle is a PHP HTTP client library and framework for building RESTful web service clients",
            "homepage": "http://guzzlephp.org/",
            "keywords": [
                "client",
                "curl",
                "framework",
                "http",
                "http client",
                "rest",
                "web service"
            ],
            "time": "2014-08-14T20:29:51+00:00"
        },
        {
            "name": "guzzlehttp/streams",
            "version": "1.5.1",
            "source": {
                "type": "git",
                "url": "https://github.com/guzzle/streams.git",
                "reference": "fb0d1ee29987c2bdc59867bffaade6fc88c2675f"
            },
            "dist": {
                "type": "zip",
                "url": "https://api.github.com/repos/guzzle/streams/zipball/fb0d1ee29987c2bdc59867bffaade6fc88c2675f",
                "reference": "fb0d1ee29987c2bdc59867bffaade6fc88c2675f",
                "shasum": ""
            },
            "require": {
                "php": ">=5.4.0"
            },
            "require-dev": {
                "phpunit/phpunit": "~4.0"
            },
            "type": "library",
            "extra": {
                "branch-alias": {
                    "dev-master": "1.5-dev"
                }
            },
            "autoload": {
                "psr-4": {
                    "GuzzleHttp\\Stream\\": "src/"
                },
                "files": [
                    "src/functions.php"
                ]
            },
            "notification-url": "https://packagist.org/downloads/",
            "license": [
                "MIT"
            ],
            "authors": [
                {
                    "name": "Michael Dowling",
                    "email": "mtdowling@gmail.com",
                    "homepage": "https://github.com/mtdowling"
                }
            ],
            "description": "Provides a simple abstraction over streams of data (Guzzle 4+)",
            "homepage": "http://guzzlephp.org/",
            "keywords": [
                "Guzzle",
                "stream"
            ],
            "time": "2014-08-10T23:57:01+00:00"
        },
        {
            "name": "illuminate/container",
            "version": "v5.4.27",
            "source": {
                "type": "git",
                "url": "https://github.com/illuminate/container.git",
                "reference": "c5b8a02a34a52c307f16922334c355c5eef725a6"
            },
            "dist": {
                "type": "zip",
                "url": "https://api.github.com/repos/illuminate/container/zipball/c5b8a02a34a52c307f16922334c355c5eef725a6",
                "reference": "c5b8a02a34a52c307f16922334c355c5eef725a6",
                "shasum": ""
            },
            "require": {
                "illuminate/contracts": "5.4.*",
                "php": ">=5.6.4"
            },
            "type": "library",
            "extra": {
                "branch-alias": {
                    "dev-master": "5.4-dev"
                }
            },
            "autoload": {
                "psr-4": {
                    "Illuminate\\Container\\": ""
                }
            },
            "notification-url": "https://packagist.org/downloads/",
            "license": [
                "MIT"
            ],
            "authors": [
                {
                    "name": "Taylor Otwell",
                    "email": "taylor@laravel.com"
                }
            ],
            "description": "The Illuminate Container package.",
            "homepage": "https://laravel.com",
            "time": "2017-05-24T14:15:53+00:00"
        },
        {
            "name": "illuminate/contracts",
            "version": "v5.4.27",
            "source": {
                "type": "git",
                "url": "https://github.com/illuminate/contracts.git",
                "reference": "31f0193eb14aa3ee07841dc254081425616e79f0"
            },
            "dist": {
                "type": "zip",
                "url": "https://api.github.com/repos/illuminate/contracts/zipball/31f0193eb14aa3ee07841dc254081425616e79f0",
                "reference": "31f0193eb14aa3ee07841dc254081425616e79f0",
                "shasum": ""
            },
            "require": {
                "php": ">=5.6.4"
            },
            "type": "library",
            "extra": {
                "branch-alias": {
                    "dev-master": "5.4-dev"
                }
            },
            "autoload": {
                "psr-4": {
                    "Illuminate\\Contracts\\": ""
                }
            },
            "notification-url": "https://packagist.org/downloads/",
            "license": [
                "MIT"
            ],
            "authors": [
                {
                    "name": "Taylor Otwell",
                    "email": "taylor@laravel.com"
                }
            ],
            "description": "The Illuminate Contracts package.",
            "homepage": "https://laravel.com",
            "time": "2017-04-19T20:17:43+00:00"
        },
        {
            "name": "illuminate/support",
            "version": "v4.2.17",
            "target-dir": "Illuminate/Support",
            "source": {
                "type": "git",
                "url": "https://github.com/illuminate/support.git",
                "reference": "db61f3f6d507ce417ca993e1f93585db7efd8b12"
            },
            "dist": {
                "type": "zip",
                "url": "https://api.github.com/repos/illuminate/support/zipball/db61f3f6d507ce417ca993e1f93585db7efd8b12",
                "reference": "db61f3f6d507ce417ca993e1f93585db7efd8b12",
                "shasum": ""
            },
            "require": {
                "php": ">=5.4.0"
            },
            "require-dev": {
                "jeremeamia/superclosure": "~1.0.1",
                "patchwork/utf8": "~1.1"
            },
            "type": "library",
            "extra": {
                "branch-alias": {
                    "dev-master": "4.2-dev"
                }
            },
            "autoload": {
                "psr-0": {
                    "Illuminate\\Support": ""
                },
                "files": [
                    "Illuminate/Support/helpers.php"
                ]
            },
            "notification-url": "https://packagist.org/downloads/",
            "license": [
                "MIT"
            ],
            "authors": [
                {
                    "name": "Taylor Otwell",
                    "email": "taylorotwell@gmail.com"
                }
            ],
            "time": "2015-01-27T20:51:43+00:00"
        },
        {
            "name": "troydavisson/phrets",
            "version": "2.0",
            "source": {
                "type": "git",
                "url": "https://github.com/troydavisson/PHRETS.git",
                "reference": "d24f089e41d223178972678b9ff87a09fb0bb0b6"
            },
            "dist": {
                "type": "zip",
                "url": "https://api.github.com/repos/troydavisson/PHRETS/zipball/d24f089e41d223178972678b9ff87a09fb0bb0b6",
                "reference": "d24f089e41d223178972678b9ff87a09fb0bb0b6",
                "shasum": ""
            },
            "require": {
                "guzzlehttp/guzzle": "4.1.*",
                "illuminate/container": ">=4.2.0",
                "illuminate/support": ">=4.2.0"
            },
            "require-dev": {
                "gsaulmon/guzzlerecorder": "dev-master",
                "monolog/monolog": "1.10.*",
                "phpunit/phpunit": "4.1.*",
                "psr/log": "1.*"
            },
            "type": "library",
            "autoload": {
                "psr-4": {
                    "PHRETS\\": "src/"
                }
            },
            "notification-url": "https://packagist.org/downloads/",
            "time": "2015-04-06T02:36:52+00:00"
        }
    ],
    "packages-dev": [],
    "aliases": [],
    "minimum-stability": "stable",
    "stability-flags": [],
    "prefer-stable": false,
    "prefer-lowest": false,
    "platform": [],
    "platform-dev": []
}
